// !$*UTF8*$!
{
	archiveVersion = 1;
	classes = {
	};
	objectVersion = 46;
	objects = {

/* Begin PBXBuildFile section */
		60383B591D507876006B52CB /* main.m in Sources */ = {isa = PBXBuildFile; fileRef = 60383B581D507876006B52CB /* main.m */; };
		60383B5C1D507876006B52CB /* AppDelegate.m in Sources */ = {isa = PBXBuildFile; fileRef = 60383B5B1D507876006B52CB /* AppDelegate.m */; };
		60383B5F1D507876006B52CB /* ViewController.m in Sources */ = {isa = PBXBuildFile; fileRef = 60383B5E1D507876006B52CB /* ViewController.m */; };
		60383B621D507876006B52CB /* Main.storyboard in Resources */ = {isa = PBXBuildFile; fileRef = 60383B601D507876006B52CB /* Main.storyboard */; };
		60383B641D507876006B52CB /* Assets.xcassets in Resources */ = {isa = PBXBuildFile; fileRef = 60383B631D507876006B52CB /* Assets.xcassets */; };
		60383B671D507876006B52CB /* LaunchScreen.storyboard in Resources */ = {isa = PBXBuildFile; fileRef = 60383B651D507876006B52CB /* LaunchScreen.storyboard */; };
		60383B721D507876006B52CB /* StoryboardsTests.m in Sources */ = {isa = PBXBuildFile; fileRef = 60383B711D507876006B52CB /* StoryboardsTests.m */; };
		60383B7D1D507876006B52CB /* StoryboardsUITests.m in Sources */ = {isa = PBXBuildFile; fileRef = 60383B7C1D507876006B52CB /* StoryboardsUITests.m */; };
/* End PBXBuildFile section */

/* Begin PBXContainerItemProxy section */
		60383B6E1D507876006B52CB /* PBXContainerItemProxy */ = {
			isa = PBXContainerItemProxy;
			containerPortal = 60383B4C1D507876006B52CB /* Project object */;
			proxyType = 1;
			remoteGlobalIDString = 60383B531D507876006B52CB;
			remoteInfo = Storyboards;
		};
		60383B791D507876006B52CB /* PBXContainerItemProxy */ = {
			isa = PBXContainerItemProxy;
			containerPortal = 60383B4C1D507876006B52CB /* Project object */;
			proxyType = 1;
			remoteGlobalIDString = 60383B531D507876006B52CB;
			remoteInfo = Storyboards;
		};
/* End PBXContainerItemProxy section */

/* Begin PBXFileReference section */
		60383B541D507876006B52CB /* Storyboards.app */ = {isa = PBXFileReference; explicitFileType = wrapper.application; includeInIndex = 0; path = Storyboards.app; sourceTree = BUILT_PRODUCTS_DIR; };
		60383B581D507876006B52CB /* main.m */ = {isa = PBXFileReference; lastKnownFileType = sourcecode.c.objc; path = main.m; sourceTree = "<group>"; };
		60383B5A1D507876006B52CB /* AppDelegate.h */ = {isa = PBXFileReference; lastKnownFileType = sourcecode.c.h; path = AppDelegate.h; sourceTree = "<group>"; };
		60383B5B1D507876006B52CB /* AppDelegate.m */ = {isa = PBXFileReference; lastKnownFileType = sourcecode.c.objc; path = AppDelegate.m; sourceTree = "<group>"; };
		60383B5D1D507876006B52CB /* ViewController.h */ = {isa = PBXFileReference; lastKnownFileType = sourcecode.c.h; path = ViewController.h; sourceTree = "<group>"; };
		60383B5E1D507876006B52CB /* ViewController.m */ = {isa = PBXFileReference; lastKnownFileType = sourcecode.c.objc; path = ViewController.m; sourceTree = "<group>"; };
		60383B611D507876006B52CB /* Base */ = {isa = PBXFileReference; lastKnownFileType = file.storyboard; name = Base; path = Base.lproj/Main.storyboard; sourceTree = "<group>"; };
		60383B631D507876006B52CB /* Assets.xcassets */ = {isa = PBXFileReference; lastKnownFileType = folder.assetcatalog; path = Assets.xcassets; sourceTree = "<group>"; };
		60383B661D507876006B52CB /* Base */ = {isa = PBXFileReference; lastKnownFileType = file.storyboard; name = Base; path = Base.lproj/LaunchScreen.storyboard; sourceTree = "<group>"; };
		60383B681D507876006B52CB /* Info.plist */ = {isa = PBXFileReference; lastKnownFileType = text.plist.xml; path = Info.plist; sourceTree = "<group>"; };
		60383B6D1D507876006B52CB /* StoryboardsTests.xctest */ = {isa = PBXFileReference; explicitFileType = wrapper.cfbundle; includeInIndex = 0; path = StoryboardsTests.xctest; sourceTree = BUILT_PRODUCTS_DIR; };
		60383B711D507876006B52CB /* StoryboardsTests.m */ = {isa = PBXFileReference; lastKnownFileType = sourcecode.c.objc; path = StoryboardsTests.m; sourceTree = "<group>"; };
		60383B731D507876006B52CB /* Info.plist */ = {isa = PBXFileReference; lastKnownFileType = text.plist.xml; path = Info.plist; sourceTree = "<group>"; };
		60383B781D507876006B52CB /* StoryboardsUITests.xctest */ = {isa = PBXFileReference; explicitFileType = wrapper.cfbundle; includeInIndex = 0; path = StoryboardsUITests.xctest; sourceTree = BUILT_PRODUCTS_DIR; };
		60383B7C1D507876006B52CB /* StoryboardsUITests.m */ = {isa = PBXFileReference; lastKnownFileType = sourcecode.c.objc; path = StoryboardsUITests.m; sourceTree = "<group>"; };
		60383B7E1D507876006B52CB /* Info.plist */ = {isa = PBXFileReference; lastKnownFileType = text.plist.xml; path = Info.plist; sourceTree = "<group>"; };
/* End PBXFileReference section */

/* Begin PBXFrameworksBuildPhase section */
		60383B511D507876006B52CB /* Frameworks */ = {
			isa = PBXFrameworksBuildPhase;
			buildActionMask = 2147483647;
			files = (
			);
			runOnlyForDeploymentPostprocessing = 0;
		};
		60383B6A1D507876006B52CB /* Frameworks */ = {
			isa = PBXFrameworksBuildPhase;
			buildActionMask = 2147483647;
			files = (
			);
			runOnlyForDeploymentPostprocessing = 0;
		};
		60383B751D507876006B52CB /* Frameworks */ = {
			isa = PBXFrameworksBuildPhase;
			buildActionMask = 2147483647;
			files = (
			);
			runOnlyForDeploymentPostprocessing = 0;
		};
/* End PBXFrameworksBuildPhase section */

/* Begin PBXGroup section */
		60383B4B1D507876006B52CB = {
			isa = PBXGroup;
			children = (
				60383B561D507876006B52CB /* Storyboards */,
				60383B701D507876006B52CB /* StoryboardsTests */,
				60383B7B1D507876006B52CB /* StoryboardsUITests */,
				60383B551D507876006B52CB /* Products */,
			);
			sourceTree = "<group>";
		};
		60383B551D507876006B52CB /* Products */ = {
			isa = PBXGroup;
			children = (
				60383B541D507876006B52CB /* Storyboards.app */,
				60383B6D1D507876006B52CB /* StoryboardsTests.xctest */,
				60383B781D507876006B52CB /* StoryboardsUITests.xctest */,
			);
			name = Products;
			sourceTree = "<group>";
		};
		60383B561D507876006B52CB /* Storyboards */ = {
			isa = PBXGroup;
			children = (
				60383B5A1D507876006B52CB /* AppDelegate.h */,
				60383B5B1D507876006B52CB /* AppDelegate.m */,
				60383B5D1D507876006B52CB /* ViewController.h */,
				60383B5E1D507876006B52CB /* ViewController.m */,
				60383B601D507876006B52CB /* Main.storyboard */,
				60383B631D507876006B52CB /* Assets.xcassets */,
				60383B651D507876006B52CB /* LaunchScreen.storyboard */,
				60383B681D507876006B52CB /* Info.plist */,
				60383B571D507876006B52CB /* Supporting Files */,
			);
			path = Storyboards;
			sourceTree = "<group>";
		};
		60383B571D507876006B52CB /* Supporting Files */ = {
			isa = PBXGroup;
			children = (
				60383B581D507876006B52CB /* main.m */,
			);
			name = "Supporting Files";
			sourceTree = "<group>";
		};
		60383B701D507876006B52CB /* StoryboardsTests */ = {
			isa = PBXGroup;
			children = (
				60383B711D507876006B52CB /* StoryboardsTests.m */,
				60383B731D507876006B52CB /* Info.plist */,
			);
			path = StoryboardsTests;
			sourceTree = "<group>";
		};
		60383B7B1D507876006B52CB /* StoryboardsUITests */ = {
			isa = PBXGroup;
			children = (
				60383B7C1D507876006B52CB /* StoryboardsUITests.m */,
				60383B7E1D507876006B52CB /* Info.plist */,
			);
			path = StoryboardsUITests;
			sourceTree = "<group>";
		};
/* End PBXGroup section */

/* Begin PBXNativeTarget section */
		60383B531D507876006B52CB /* Storyboards */ = {
			isa = PBXNativeTarget;
			buildConfigurationList = 60383B811D507876006B52CB /* Build configuration list for PBXNativeTarget "Storyboards" */;
			buildPhases = (
				60383B501D507876006B52CB /* Sources */,
				60383B511D507876006B52CB /* Frameworks */,
				60383B521D507876006B52CB /* Resources */,
			);
			buildRules = (
			);
			dependencies = (
			);
			name = Storyboards;
			productName = Storyboards;
			productReference = 60383B541D507876006B52CB /* Storyboards.app */;
			productType = "com.apple.product-type.application";
		};
		60383B6C1D507876006B52CB /* StoryboardsTests */ = {
			isa = PBXNativeTarget;
			buildConfigurationList = 60383B841D507876006B52CB /* Build configuration list for PBXNativeTarget "StoryboardsTests" */;
			buildPhases = (
				60383B691D507876006B52CB /* Sources */,
				60383B6A1D507876006B52CB /* Frameworks */,
				60383B6B1D507876006B52CB /* Resources */,
			);
			buildRules = (
			);
			dependencies = (
				60383B6F1D507876006B52CB /* PBXTargetDependency */,
			);
			name = StoryboardsTests;
			productName = StoryboardsTests;
			productReference = 60383B6D1D507876006B52CB /* StoryboardsTests.xctest */;
			productType = "com.apple.product-type.bundle.unit-test";
		};
		60383B771D507876006B52CB /* StoryboardsUITests */ = {
			isa = PBXNativeTarget;
			buildConfigurationList = 60383B871D507876006B52CB /* Build configuration list for PBXNativeTarget "StoryboardsUITests" */;
			buildPhases = (
				60383B741D507876006B52CB /* Sources */,
				60383B751D507876006B52CB /* Frameworks */,
				60383B761D507876006B52CB /* Resources */,
			);
			buildRules = (
			);
			dependencies = (
				60383B7A1D507876006B52CB /* PBXTargetDependency */,
			);
			name = StoryboardsUITests;
			productName = StoryboardsUITests;
			productReference = 60383B781D507876006B52CB /* StoryboardsUITests.xctest */;
			productType = "com.apple.product-type.bundle.ui-testing";
		};
/* End PBXNativeTarget section */

/* Begin PBXProject section */
		60383B4C1D507876006B52CB /* Project object */ = {
			isa = PBXProject;
			attributes = {
				LastUpgradeCheck = 0730;
				ORGANIZATIONNAME = LLDM;
				TargetAttributes = {
					60383B531D507876006B52CB = {
						CreatedOnToolsVersion = 7.3.1;
					};
					60383B6C1D507876006B52CB = {
						CreatedOnToolsVersion = 7.3.1;
						TestTargetID = 60383B531D507876006B52CB;
					};
					60383B771D507876006B52CB = {
						CreatedOnToolsVersion = 7.3.1;
						TestTargetID = 60383B531D507876006B52CB;
					};
				};
			};
			buildConfigurationList = 60383B4F1D507876006B52CB /* Build configuration list for PBXProject "Storyboards" */;
			compatibilityVersion = "Xcode 3.2";
			developmentRegion = English;
			hasScannedForEncodings = 0;
			knownRegions = (
				en,
				Base,
			);
			mainGroup = 60383B4B1D507876006B52CB;
			productRefGroup = 60383B551D507876006B52CB /* Products */;
			projectDirPath = "";
			projectRoot = "";
			targets = (
				60383B531D507876006B52CB /* Storyboards */,
				60383B6C1D507876006B52CB /* StoryboardsTests */,
				60383B771D507876006B52CB /* StoryboardsUITests */,
			);
		};
/* End PBXProject section */

/* Begin PBXResourcesBuildPhase section */
		60383B521D507876006B52CB /* Resources */ = {
			isa = PBXResourcesBuildPhase;
			buildActionMask = 2147483647;
			files = (
				60383B671D507876006B52CB /* LaunchScreen.storyboard in Resources */,
				60383B641D507876006B52CB /* Assets.xcassets in Resources */,
				60383B621D507876006B52CB /* Main.storyboard in Resources */,
			);
			runOnlyForDeploymentPostprocessing = 0;
		};
		60383B6B1D507876006B52CB /* Resources */ = {
			isa = PBXResourcesBuildPhase;
			buildActionMask = 2147483647;
			files = (
			);
			runOnlyForDeploymentPostprocessing = 0;
		};
		60383B761D507876006B52CB /* Resources */ = {
			isa = PBXResourcesBuildPhase;
			buildActionMask = 2147483647;
			files = (
			);
			runOnlyForDeploymentPostprocessing = 0;
		};
/* End PBXResourcesBuildPhase section */

/* Begin PBXSourcesBuildPhase section */
		60383B501D507876006B52CB /* Sources */ = {
			isa = PBXSourcesBuildPhase;
			buildActionMask = 2147483647;
			files = (
				60383B5F1D507876006B52CB /* ViewController.m in Sources */,
				60383B5C1D507876006B52CB /* AppDelegate.m in Sources */,
				60383B591D507876006B52CB /* main.m in Sources */,
			);
			runOnlyForDeploymentPostprocessing = 0;
		};
		60383B691D507876006B52CB /* Sources */ = {
			isa = PBXSourcesBuildPhase;
			buildActionMask = 2147483647;
			files = (
				60383B721D507876006B52CB /* StoryboardsTests.m in Sources */,
			);
			runOnlyForDeploymentPostprocessing = 0;
		};
		60383B741D507876006B52CB /* Sources */ = {
			isa = PBXSourcesBuildPhase;
			buildActionMask = 2147483647;
			files = (
				60383B7D1D507876006B52CB /* StoryboardsUITests.m in Sources */,
			);
			runOnlyForDeploymentPostprocessing = 0;
		};
/* End PBXSourcesBuildPhase section */

/* Begin PBXTargetDependency section */
		60383B6F1D507876006B52CB /* PBXTargetDependency */ = {
			isa = PBXTargetDependency;
			target = 60383B531D507876006B52CB /* Storyboards */;
			targetProxy = 60383B6E1D507876006B52CB /* PBXContainerItemProxy */;
		};
		60383B7A1D507876006B52CB /* PBXTargetDependency */ = {
			isa = PBXTargetDependency;
			target = 60383B531D507876006B52CB /* Storyboards */;
			targetProxy = 60383B791D507876006B52CB /* PBXContainerItemProxy */;
		};
/* End PBXTargetDependency section */

/* Begin PBXVariantGroup section */
		60383B601D507876006B52CB /* Main.storyboard */ = {
			isa = PBXVariantGroup;
			children = (
				60383B611D507876006B52CB /* Base */,
			);
			name = Main.storyboard;
			sourceTree = "<group>";
		};
		60383B651D507876006B52CB /* LaunchScreen.storyboard */ = {
			isa = PBXVariantGroup;
			children = (
				60383B661D507876006B52CB /* Base */,
			);
			name = LaunchScreen.storyboard;
			sourceTree = "<group>";
		};
/* End PBXVariantGroup section */

/* Begin XCBuildConfiguration section */
		60383B7F1D507876006B52CB /* Debug */ = {
			isa = XCBuildConfiguration;
			buildSettings = {
				ALWAYS_SEARCH_USER_PATHS = NO;
				CLANG_ANALYZER_NONNULL = YES;
				CLANG_CXX_LANGUAGE_STANDARD = "gnu++0x";
				CLANG_CXX_LIBRARY = "libc++";
				CLANG_ENABLE_MODULES = YES;
				CLANG_ENABLE_OBJC_ARC = YES;
				CLANG_WARN_BOOL_CONVERSION = YES;
				CLANG_WARN_CONSTANT_CONVERSION = YES;
				CLANG_WARN_DIRECT_OBJC_ISA_USAGE = YES_ERROR;
				CLANG_WARN_EMPTY_BODY = YES;
				CLANG_WARN_ENUM_CONVERSION = YES;
				CLANG_WARN_INT_CONVERSION = YES;
				CLANG_WARN_OBJC_ROOT_CLASS = YES_ERROR;
				CLANG_WARN_UNREACHABLE_CODE = YES;
				CLANG_WARN__DUPLICATE_METHOD_MATCH = YES;
				"CODE_SIGN_IDENTITY[sdk=iphoneos*]" = "iPhone Developer";
				COPY_PHASE_STRIP = NO;
				DEBUG_INFORMATION_FORMAT = dwarf;
				ENABLE_STRICT_OBJC_MSGSEND = YES;
				ENABLE_TESTABILITY = YES;
				GCC_C_LANGUAGE_STANDARD = gnu99;
				GCC_DYNAMIC_NO_PIC = NO;
				GCC_NO_COMMON_BLOCKS = YES;
				GCC_OPTIMIZATION_LEVEL = 0;
				GCC_PREPROCESSOR_DEFINITIONS = (
					"DEBUG=1",
					"$(inherited)",
				);
				GCC_WARN_64_TO_32_BIT_CONVERSION = YES;
				GCC_WARN_ABOUT_RETURN_TYPE = YES_ERROR;
				GCC_WARN_UNDECLARED_SELECTOR = YES;
				GCC_WARN_UNINITIALIZED_AUTOS = YES_AGGRESSIVE;
				GCC_WARN_UNUSED_FUNCTION = YES;
				GCC_WARN_UNUSED_VARIABLE = YES;
				IPHONEOS_DEPLOYMENT_TARGET = 9.3;
				MTL_ENABLE_DEBUG_INFO = YES;
				ONLY_ACTIVE_ARCH = YES;
				SDKROOT = iphoneos;
				TARGETED_DEVICE_FAMILY = "1,2";
			};
			name = Debug;
		};
		60383B801D507876006B52CB /* Release */ = {
			isa = XCBuildConfiguration;
			buildSettings = {
				ALWAYS_SEARCH_USER_PATHS = NO;
				CLANG_ANALYZER_NONNULL = YES;
				CLANG_CXX_LANGUAGE_STANDARD = "gnu++0x";
				CLANG_CXX_LIBRARY = "libc++";
				CLANG_ENABLE_MODULES = YES;
				CLANG_ENABLE_OBJC_ARC = YES;
				CLANG_WARN_BOOL_CONVERSION = YES;
				CLANG_WARN_CONSTANT_CONVERSION = YES;
				CLANG_WARN_DIRECT_OBJC_ISA_USAGE = YES_ERROR;
				CLANG_WARN_EMPTY_BODY = YES;
				CLANG_WARN_ENUM_CONVERSION = YES;
				CLANG_WARN_INT_CONVERSION = YES;
				CLANG_WARN_OBJC_ROOT_CLASS = YES_ERROR;
				CLANG_WARN_UNREACHABLE_CODE = YES;
				CLANG_WARN__DUPLICATE_METHOD_MATCH = YES;
				"CODE_SIGN_IDENTITY[sdk=iphoneos*]" = "iPhone Developer";
				COPY_PHASE_STRIP = NO;
				DEBUG_INFORMATION_FORMAT = "dwarf-with-dsym";
				ENABLE_NS_ASSERTIONS = NO;
				ENABLE_STRICT_OBJC_MSGSEND = YES;
				GCC_C_LANGUAGE_STANDARD = gnu99;
				GCC_NO_COMMON_BLOCKS = YES;
				GCC_WARN_64_TO_32_BIT_CONVERSION = YES;
				GCC_WARN_ABOUT_RETURN_TYPE = YES_ERROR;
				GCC_WARN_UNDECLARED_SELECTOR = YES;
				GCC_WARN_UNINITIALIZED_AUTOS = YES_AGGRESSIVE;
				GCC_WARN_UNUSED_FUNCTION = YES;
				GCC_WARN_UNUSED_VARIABLE = YES;
				IPHONEOS_DEPLOYMENT_TARGET = 9.3;
				MTL_ENABLE_DEBUG_INFO = NO;
				SDKROOT = iphoneos;
				TARGETED_DEVICE_FAMILY = "1,2";
				VALIDATE_PRODUCT = YES;
			};
			name = Release;
		};
		60383B821D507876006B52CB /* Debug */ = {
			isa = XCBuildConfiguration;
			buildSettings = {
				ASSETCATALOG_COMPILER_APPICON_NAME = AppIcon;
				INFOPLIST_FILE = Storyboards/Info.plist;
				IPHONEOS_DEPLOYMENT_TARGET = 6.0;
				LD_RUNPATH_SEARCH_PATHS = "$(inherited) @executable_path/Frameworks";
				PRODUCT_BUNDLE_IDENTIFIER = com.launchlabs.Storyboards;
				PRODUCT_NAME = "$(TARGET_NAME)";
			};
			name = Debug;
		};
		60383B831D507876006B52CB /* Release */ = {
			isa = XCBuildConfiguration;
			buildSettings = {
				ASSETCATALOG_COMPILER_APPICON_NAME = AppIcon;
				INFOPLIST_FILE = Storyboards/Info.plist;
				IPHONEOS_DEPLOYMENT_TARGET = 6.0;
				LD_RUNPATH_SEARCH_PATHS = "$(inherited) @executable_path/Frameworks";
				PRODUCT_BUNDLE_IDENTIFIER = com.launchlabs.Storyboards;
				PRODUCT_NAME = "$(TARGET_NAME)";
			};
			name = Release;
		};
		60383B851D507876006B52CB /* Debug */ = {
			isa = XCBuildConfiguration;
			buildSettings = {
				BUNDLE_LOADER = "$(TEST_HOST)";
				INFOPLIST_FILE = StoryboardsTests/Info.plist;
				LD_RUNPATH_SEARCH_PATHS = "$(inherited) @executable_path/Frameworks @loader_path/Frameworks";
				PRODUCT_BUNDLE_IDENTIFIER = com.launchlabs.StoryboardsTests;
				PRODUCT_NAME = "$(TARGET_NAME)";
				TEST_HOST = "$(BUILT_PRODUCTS_DIR)/Storyboards.app/Storyboards";
			};
			name = Debug;
		};
		60383B861D507876006B52CB /* Release */ = {
			isa = XCBuildConfiguration;
			buildSettings = {
				BUNDLE_LOADER = "$(TEST_HOST)";
				INFOPLIST_FILE = StoryboardsTests/Info.plist;
				LD_RUNPATH_SEARCH_PATHS = "$(inherited) @executable_path/Frameworks @loader_path/Frameworks";
				PRODUCT_BUNDLE_IDENTIFIER = com.launchlabs.StoryboardsTests;
				PRODUCT_NAME = "$(TARGET_NAME)";
				TEST_HOST = "$(BUILT_PRODUCTS_DIR)/Storyboards.app/Storyboards";
			};
			name = Release;
		};
		60383B881D507876006B52CB /* Debug */ = {
			isa = XCBuildConfiguration;
			buildSettings = {
				INFOPLIST_FILE = StoryboardsUITests/Info.plist;
				LD_RUNPATH_SEARCH_PATHS = "$(inherited) @executable_path/Frameworks @loader_path/Frameworks";
				PRODUCT_BUNDLE_IDENTIFIER = com.launchlabs.StoryboardsUITests;
				PRODUCT_NAME = "$(TARGET_NAME)";
				TEST_TARGET_NAME = Storyboards;
			};
			name = Debug;
		};
		60383B891D507876006B52CB /* Release */ = {
			isa = XCBuildConfiguration;
			buildSettings = {
				INFOPLIST_FILE = StoryboardsUITests/Info.plist;
				LD_RUNPATH_SEARCH_PATHS = "$(inherited) @executable_path/Frameworks @loader_path/Frameworks";
				PRODUCT_BUNDLE_IDENTIFIER = com.launchlabs.StoryboardsUITests;
				PRODUCT_NAME = "$(TARGET_NAME)";
				TEST_TARGET_NAME = Storyboards;
			};
			name = Release;
		};
/* End XCBuildConfiguration section */

/* Begin XCConfigurationList section */
		60383B4F1D507876006B52CB /* Build configuration list for PBXProject "Storyboards" */ = {
			isa = XCConfigurationList;
			buildConfigurations = (
				60383B7F1D507876006B52CB /* Debug */,
				60383B801D507876006B52CB /* Release */,
			);
			defaultConfigurationIsVisible = 0;
			defaultConfigurationName = Release;
		};
		60383B811D507876006B52CB /* Build configuration list for PBXNativeTarget "Storyboards" */ = {
			isa = XCConfigurationList;
			buildConfigurations = (
				60383B821D507876006B52CB /* Debug */,
				60383B831D507876006B52CB /* Release */,
			);
			defaultConfigurationIsVisible = 0;
		};
		60383B841D507876006B52CB /* Build configuration list for PBXNativeTarget "StoryboardsTests" */ = {
			isa = XCConfigurationList;
			buildConfigurations = (
				60383B851D507876006B52CB /* Debug */,
				60383B861D507876006B52CB /* Release */,
			);
			defaultConfigurationIsVisible = 0;
		};
		60383B871D507876006B52CB /* Build configuration list for PBXNativeTarget "StoryboardsUITests" */ = {
			isa = XCConfigurationList;
			buildConfigurations = (
				60383B881D507876006B52CB /* Debug */,
				60383B891D507876006B52CB /* Release */,
			);
			defaultConfigurationIsVisible = 0;
		};
/* End XCConfigurationList section */
	};
	rootObject = 60383B4C1D507876006B52CB /* Project object */;
}
